hash: ed9bcdff42cd751e223790a01bfb9d7e9c8d12a80b305decf4bd55b097bbead0
updated: 2019-11-05T10:03:15.20583915+01:00
imports:
- name: github.com/blang/semver
  version: b38d23b8782a487059e8fc8773e9a5b228a77cb6
- name: github.com/certifi/gocertifi
  version: deb3ae2ef2610fde3330947281941c562861188b
- name: github.com/davecgh/go-spew
  version: 8991bc29aa16c548c550c7ff78260e27b9ab7c73
  subpackages:
  - spew
- name: github.com/docker/distribution
  version: d4c35485a70df4dce2179bc227b1393a69edb809
  repo: https://github.com/openshift/docker-distribution.git
  subpackages:
  - digestset
  - reference
- name: github.com/getsentry/raven-go
  version: 32a13797442ccb601b11761d74232773c1402d14
- name: github.com/ghodss/yaml
  version: 73d445a93680fa1a78ae23a5839bad48f32ba1ee
- name: github.com/gogo/protobuf
  version: c0656edd0d9eab7c66d1eb0c568f9039345796f7
  subpackages:
  - proto
  - sortkeys
- name: github.com/golang/glog
  version: 44145f04b68cf362d9c4df2182967c2275eaefed
- name: github.com/golang/protobuf
  version: b4deda0973fb4c70b50d226b1af49f3da59f5265
  subpackages:
  - proto
  - ptypes
  - ptypes/any
  - ptypes/duration
  - ptypes/timestamp
- name: github.com/google/btree
  version: 479b5e81b0a93ec038d201b0b33d17db599531d3
- name: github.com/google/gofuzz
  version: 44d81051d367757e1c7c6a5a86423ece9afcf63c
- name: github.com/googleapis/gnostic
  version: 0c5108395e2debce0d731cf0287ddf7242066aba
  subpackages:
  - OpenAPIv2
  - compiler
  - extensions
- name: github.com/gregjones/httpcache
  version: 787624de3eb7bd915c329cba748687a3b22666a6
  subpackages:
  - diskcache
- name: github.com/hashicorp/golang-lru
  version: a0d98a5f288019575c6d1f4bb1573fef2d1fcdc4
  subpackages:
  - simplelru
- name: github.com/imdario/mergo
  version: 6633656539c1639d9d78127b7d47c622b5d7b6dc
- name: github.com/inconshreveable/mousetrap
  version: 76626ae9c91c4f2a10f34cad8ce83ea42c93bb75
- name: github.com/json-iterator/go
  version: f2b4162afba35581b6d4a50d3b8f34e33c144682
- name: github.com/modern-go/concurrent
  version: bacd9c7ef1dd9b15be4a9909b8ac7a4e313eec94
- name: github.com/modern-go/reflect2
  version: 05fbef0ca5da472bbf96c9322b84a53edc03c9fd
- name: github.com/opencontainers/go-digest
  version: a6d0ee40d4207ea02364bd3b9e8e77b9159ba1eb
- name: github.com/openshift/api
  version: 8741ff068a473be041d7bafb4502c12e4f10aab5
  subpackages:
  - apps
  - apps/v1
  - authorization
  - authorization/v1
  - build
  - build/v1
  - image
  - image/docker10
  - image/dockerpre012
  - image/v1
  - network
  - network/v1
  - oauth
  - oauth/v1
  - pkg/serialization
  - project
  - project/v1
  - quota
  - quota/v1
  - route
  - route/v1
  - security
  - security/v1
  - template
  - template/v1
  - user
  - user/v1
- name: github.com/openshift/client-go
  version: 431ec9a26e5021f35fa41ee9a89842db9bfdb370
- name: github.com/openshift/library-go
  version: 0b8367a4679859036c27a30dbe010d76409e7075
  subpackages:
  - pkg/serviceability
- name: github.com/openshift/origin
  version: bd0bee4d76a6d96ec08f09e04b39507d8c05b009
  subpackages:
  - pkg/api
  - pkg/api/apihelpers
  - pkg/api/install
  - pkg/api/legacy
  - pkg/apps/apis/apps
  - pkg/apps/apis/apps/install
  - pkg/apps/apis/apps/v1
  - pkg/authorization/apis/authorization
  - pkg/authorization/apis/authorization/install
  - pkg/authorization/apis/authorization/internal/serviceaccount
  - pkg/authorization/apis/authorization/rbacconversion
  - pkg/authorization/apis/authorization/v1
  - pkg/build/apis/build
  - pkg/build/apis/build/install
  - pkg/build/apis/build/internal_helpers
  - pkg/build/apis/build/v1
  - pkg/cmd/server/apis/config
  - pkg/cmd/server/apis/config/install
  - pkg/cmd/server/apis/config/v1
  - pkg/cmd/server/bootstrappolicy
  - pkg/cmd/util
  - pkg/cmd/util/pem
  - pkg/image/apis/image
  - pkg/image/apis/image/docker10
  - pkg/image/apis/image/install
  - pkg/image/apis/image/reference
  - pkg/image/apis/image/v1
  - pkg/image/apiserver/admission/apis/imagepolicy
  - pkg/image/apiserver/admission/apis/imagepolicy/install
  - pkg/image/apiserver/admission/apis/imagepolicy/v1
  - pkg/image/internal/digest
  - pkg/image/internal/reference
  - pkg/network/apis/network
  - pkg/network/apis/network/install
  - pkg/network/apis/network/v1
  - pkg/network/apiserver/admission/apis/ingressadmission
  - pkg/network/apiserver/admission/apis/ingressadmission/install
  - pkg/network/apiserver/admission/apis/ingressadmission/v1
  - pkg/oauth/apis/oauth
  - pkg/oauth/apis/oauth/install
  - pkg/oauth/apis/oauth/v1
  - pkg/project/apis/project
  - pkg/project/apis/project/install
  - pkg/project/apis/project/v1
  - pkg/project/apiserver/admission/apis/requestlimit
  - pkg/project/apiserver/admission/apis/requestlimit/install
  - pkg/project/apiserver/admission/apis/requestlimit/v1
  - pkg/quota/apis/quota
  - pkg/quota/apis/quota/install
  - pkg/quota/apis/quota/v1
  - pkg/quota/apiserver/admission/apis/clusterresourceoverride
  - pkg/quota/apiserver/admission/apis/clusterresourceoverride/install
  - pkg/quota/apiserver/admission/apis/clusterresourceoverride/v1
  - pkg/quota/apiserver/admission/apis/runonceduration
  - pkg/quota/apiserver/admission/apis/runonceduration/install
  - pkg/quota/apiserver/admission/apis/runonceduration/v1
  - pkg/route/apis/route
  - pkg/route/apis/route/install
  - pkg/route/apis/route/v1
  - pkg/scheduler/admission/apis/podnodeconstraints
  - pkg/scheduler/admission/apis/podnodeconstraints/install
  - pkg/scheduler/admission/apis/podnodeconstraints/v1
  - pkg/security
  - pkg/security/apis/security
  - pkg/security/apis/security/install
  - pkg/security/apis/security/v1
  - pkg/security/apiserver/securitycontextconstraints
  - pkg/security/generated/listers/security/internalversion
  - pkg/security/securitycontextconstraints/capabilities
  - pkg/security/securitycontextconstraints/group
  - pkg/security/securitycontextconstraints/seccomp
  - pkg/security/securitycontextconstraints/selinux
  - pkg/security/securitycontextconstraints/user
  - pkg/security/securitycontextconstraints/util
  - pkg/security/uid
  - pkg/service/admission/apis/externalipranger
  - pkg/service/admission/apis/externalipranger/install
  - pkg/service/admission/apis/externalipranger/v1
  - pkg/service/admission/apis/restrictedendpoints
  - pkg/service/admission/apis/restrictedendpoints/install
  - pkg/service/admission/apis/restrictedendpoints/v1
  - pkg/template/apis/template
  - pkg/template/apis/template/install
  - pkg/template/apis/template/v1
  - pkg/user/apis/user
  - pkg/user/apis/user/install
  - pkg/user/apis/user/v1
  - pkg/user/apis/user/validation
- name: github.com/peterbourgon/diskv
  version: 5f041e8faa004a95c88a202771f4cc3e991971e6
- name: github.com/pkg/errors
  version: 645ef00459ed84a119197bfb8d8205042c6df63d
- name: github.com/pkg/profile
  version: 057bc52a47ec3c79498dda63f4a6f8298725e976
- name: github.com/sirupsen/logrus
  version: 89742aefa4b206dcf400792f3bd35b542998eb3b
- name: github.com/spf13/cobra
  version: c439c4fa093711d42e1b01acb1235b52004753c1
- name: github.com/spf13/pflag
  version: 583c0c0531f06d5278b7d917446061adc344b5cd
- name: golang.org/x/crypto
  version: 49796115aa4b964c318aad4f3084fdb41e9aa067
  subpackages:
  - ssh/terminal
- name: golang.org/x/net
  version: 1c05540f6879653db88113bc4a2b70aec4bd491f
  subpackages:
  - context
  - http2
  - http2/hpack
  - idna
  - lex/httplex
- name: golang.org/x/sys
  version: 95c6576299259db960f6c5b9b69ea52422860fce
  subpackages:
  - unix
  - windows
- name: golang.org/x/text
  version: b19bf474d317b857955b12035d2c5acb57ce8b01
  subpackages:
  - secure/bidirule
  - transform
  - unicode/bidi
  - unicode/norm
- name: golang.org/x/time
  version: f51c12702a4d776e4c1fa9b0fabab841babae631
  subpackages:
  - rate
- name: gopkg.in/inf.v0
  version: 3887ee99ecf07df5b447e9b00d9c0b2adaa9f3e4
- name: gopkg.in/yaml.v2
  version: f221b8435cfb71e54062f6c6e99e9ade30b124d5
- name: k8s.io/api
  version: 2d6f90ab1293a1fb871cf149423ebb72aa7423aa
  repo: https://github.com/openshift/kubernetes-api.git
  subpackages:
  - admission/v1beta1
  - admissionregistration/v1alpha1
  - admissionregistration/v1beta1
  - apps/v1
  - apps/v1beta1
  - apps/v1beta2
  - authentication/v1
  - authentication/v1beta1
  - authorization/v1
  - authorization/v1beta1
  - autoscaling/v1
  - autoscaling/v2beta1
  - batch/v1
  - batch/v1beta1
  - batch/v2alpha1
  - certificates/v1beta1
  - core/v1
  - events/v1beta1
  - extensions/v1beta1
  - imagepolicy/v1alpha1
  - networking/v1
  - policy/v1beta1
  - rbac/v1
  - rbac/v1alpha1
  - rbac/v1beta1
  - scheduling/v1alpha1
  - scheduling/v1beta1
  - settings/v1alpha1
  - storage/v1
  - storage/v1alpha1
  - storage/v1beta1
- name: k8s.io/apiextensions-apiserver
  version: 832cfda86122b2a2649270d9ca578bb6d9466308
  repo: https://github.com/openshift/kubernetes-apiextensions-apiserver.git
  subpackages:
  - pkg/apis/apiextensions
  - pkg/apis/apiextensions/install
  - pkg/apis/apiextensions/v1beta1
  - pkg/features
- name: k8s.io/apimachinery
  version: 9e973fa2370e738e9c6ff94b061efa45c2c3bfa1
  repo: https://github.com/openshift/kubernetes-apimachinery.git
  subpackages:
  - pkg/api/equality
  - pkg/api/errors
  - pkg/api/meta
  - pkg/api/resource
  - pkg/api/validation
  - pkg/api/validation/path
  - pkg/apis/meta/internalversion
  - pkg/apis/meta/v1
  - pkg/apis/meta/v1/unstructured
  - pkg/apis/meta/v1/validation
  - pkg/apis/meta/v1beta1
  - pkg/conversion
  - pkg/conversion/queryparams
  - pkg/fields
  - pkg/labels
  - pkg/runtime
  - pkg/runtime/schema
  - pkg/runtime/serializer
  - pkg/runtime/serializer/json
  - pkg/runtime/serializer/protobuf
  - pkg/runtime/serializer/recognizer
  - pkg/runtime/serializer/streaming
  - pkg/runtime/serializer/versioning
  - pkg/selection
  - pkg/types
  - pkg/util/cache
  - pkg/util/clock
  - pkg/util/diff
  - pkg/util/errors
  - pkg/util/framer
  - pkg/util/intstr
  - pkg/util/json
  - pkg/util/mergepatch
  - pkg/util/naming
  - pkg/util/net
  - pkg/util/runtime
  - pkg/util/sets
  - pkg/util/strategicpatch
  - pkg/util/validation
  - pkg/util/validation/field
  - pkg/util/wait
  - pkg/util/yaml
  - pkg/version
  - pkg/watch
  - third_party/forked/golang/json
  - third_party/forked/golang/reflect
- name: k8s.io/apiserver
  version: c6aca565d348e53b6bd4cceb0c9fb3a67ccf6b2e
  repo: https://github.com/openshift/kubernetes-apiserver.git
  subpackages:
  - pkg/apis/apiserver
  - pkg/apis/apiserver/v1alpha1
  - pkg/apis/audit
  - pkg/apis/audit/v1alpha1
  - pkg/apis/audit/v1beta1
  - pkg/authentication/serviceaccount
  - pkg/authentication/user
  - pkg/authorization/authorizer
  - pkg/features
  - pkg/util/feature
- name: k8s.io/client-go
  version: b1dc64b0ec03df0ed50b7400fd3f4017d4b083f4
  repo: https://github.com/openshift/kubernetes-client-go.git
  subpackages:
  - discovery
  - discovery/fake
  - kubernetes/scheme
  - pkg/apis/clientauthentication
  - pkg/apis/clientauthentication/v1alpha1
  - pkg/apis/clientauthentication/v1beta1
  - pkg/version
  - plugin/pkg/client/auth/exec
  - rest
  - rest/watch
  - testing
  - tools/auth
  - tools/cache
  - tools/clientcmd
  - tools/clientcmd/api
  - tools/clientcmd/api/latest
  - tools/clientcmd/api/v1
  - tools/metrics
  - tools/pager
  - transport
  - util/buffer
  - util/cert
  - util/connrotation
  - util/flowcontrol
  - util/homedir
  - util/integer
  - util/retry
- name: k8s.io/kube-aggregator
  version: cc081889587926b33190858514775486c407bbe7
  repo: https://github.com/openshift/kube-aggregator.git
  subpackages:
  - pkg/apis/apiregistration
  - pkg/apis/apiregistration/install
  - pkg/apis/apiregistration/v1
  - pkg/apis/apiregistration/v1beta1
- name: k8s.io/kube-openapi
  version: 8a9b82f00b3a86eac24681da3f9fe6c34c01cea2
  subpackages:
  - pkg/util/proto
- name: k8s.io/kubernetes
  version: 37c7789154ed2a309a1ac0c1675757600f245e7d
  repo: https://github.com/openshift/kubernetes.git
  subpackages:
  - pkg/api/legacyscheme
  - pkg/api/ref
  - pkg/api/service
  - pkg/apis/admission
  - pkg/apis/admission/install
  - pkg/apis/admission/v1beta1
  - pkg/apis/admissionregistration
  - pkg/apis/admissionregistration/install
  - pkg/apis/admissionregistration/v1alpha1
  - pkg/apis/admissionregistration/v1beta1
  - pkg/apis/apps
  - pkg/apis/apps/install
  - pkg/apis/apps/v1
  - pkg/apis/apps/v1beta1
  - pkg/apis/apps/v1beta2
  - pkg/apis/authentication
  - pkg/apis/authentication/install
  - pkg/apis/authentication/v1
  - pkg/apis/authentication/v1beta1
  - pkg/apis/authorization
  - pkg/apis/authorization/install
  - pkg/apis/authorization/v1
  - pkg/apis/authorization/v1beta1
  - pkg/apis/autoscaling
  - pkg/apis/autoscaling/install
  - pkg/apis/autoscaling/v1
  - pkg/apis/autoscaling/v2beta1
  - pkg/apis/batch
  - pkg/apis/batch/install
  - pkg/apis/batch/v1
  - pkg/apis/batch/v1beta1
  - pkg/apis/batch/v2alpha1
  - pkg/apis/certificates
  - pkg/apis/certificates/install
  - pkg/apis/certificates/v1beta1
  - pkg/apis/componentconfig
  - pkg/apis/componentconfig/install
  - pkg/apis/componentconfig/v1alpha1
  - pkg/apis/core
  - pkg/apis/core/helper
  - pkg/apis/core/install
  - pkg/apis/core/pods
  - pkg/apis/core/v1
  - pkg/apis/core/v1/helper
  - pkg/apis/core/validation
  - pkg/apis/events
  - pkg/apis/events/install
  - pkg/apis/events/v1beta1
  - pkg/apis/extensions
  - pkg/apis/extensions/install
  - pkg/apis/extensions/v1beta1
  - pkg/apis/imagepolicy
  - pkg/apis/imagepolicy/install
  - pkg/apis/imagepolicy/v1alpha1
  - pkg/apis/networking
  - pkg/apis/networking/install
  - pkg/apis/networking/v1
  - pkg/apis/policy
  - pkg/apis/policy/install
  - pkg/apis/policy/v1beta1
  - pkg/apis/rbac
  - pkg/apis/rbac/install
  - pkg/apis/rbac/v1
  - pkg/apis/rbac/v1alpha1
  - pkg/apis/rbac/v1beta1
  - pkg/apis/scheduling
  - pkg/apis/scheduling/install
  - pkg/apis/scheduling/v1alpha1
  - pkg/apis/scheduling/v1beta1
  - pkg/apis/settings
  - pkg/apis/settings/install
  - pkg/apis/settings/v1alpha1
  - pkg/apis/storage
  - pkg/apis/storage/install
  - pkg/apis/storage/v1
  - pkg/apis/storage/v1alpha1
  - pkg/apis/storage/v1beta1
  - pkg/capabilities
  - pkg/client/clientset_generated/internalclientset
  - pkg/client/clientset_generated/internalclientset/fake
  - pkg/client/clientset_generated/internalclientset/scheme
  - pkg/client/clientset_generated/internalclientset/typed/admissionregistration/internalversion
  - pkg/client/clientset_generated/internalclientset/typed/admissionregistration/internalversion/fake
  - pkg/client/clientset_generated/internalclientset/typed/apps/internalversion
  - pkg/client/clientset_generated/internalclientset/typed/apps/internalversion/fake
  - pkg/client/clientset_generated/internalclientset/typed/authentication/internalversion
  - pkg/client/clientset_generated/internalclientset/typed/authentication/internalversion/fake
  - pkg/client/clientset_generated/internalclientset/typed/authorization/internalversion
  - pkg/client/clientset_generated/internalclientset/typed/authorization/internalversion/fake
  - pkg/client/clientset_generated/internalclientset/typed/autoscaling/internalversion
  - pkg/client/clientset_generated/internalclientset/typed/autoscaling/internalversion/fake
  - pkg/client/clientset_generated/internalclientset/typed/batch/internalversion
  - pkg/client/clientset_generated/internalclientset/typed/batch/internalversion/fake
  - pkg/client/clientset_generated/internalclientset/typed/certificates/internalversion
  - pkg/client/clientset_generated/internalclientset/typed/certificates/internalversion/fake
  - pkg/client/clientset_generated/internalclientset/typed/core/internalversion
  - pkg/client/clientset_generated/internalclientset/typed/core/internalversion/fake
  - pkg/client/clientset_generated/internalclientset/typed/events/internalversion
  - pkg/client/clientset_generated/internalclientset/typed/events/internalversion/fake
  - pkg/client/clientset_generated/internalclientset/typed/extensions/internalversion
  - pkg/client/clientset_generated/internalclientset/typed/extensions/internalversion/fake
  - pkg/client/clientset_generated/internalclientset/typed/networking/internalversion
  - pkg/client/clientset_generated/internalclientset/typed/networking/internalversion/fake
  - pkg/client/clientset_generated/internalclientset/typed/policy/internalversion
  - pkg/client/clientset_generated/internalclientset/typed/policy/internalversion/fake
  - pkg/client/clientset_generated/internalclientset/typed/rbac/internalversion
  - pkg/client/clientset_generated/internalclientset/typed/rbac/internalversion/fake
  - pkg/client/clientset_generated/internalclientset/typed/scheduling/internalversion
  - pkg/client/clientset_generated/internalclientset/typed/scheduling/internalversion/fake
  - pkg/client/clientset_generated/internalclientset/typed/settings/internalversion
  - pkg/client/clientset_generated/internalclientset/typed/settings/internalversion/fake
  - pkg/client/clientset_generated/internalclientset/typed/storage/internalversion
  - pkg/client/clientset_generated/internalclientset/typed/storage/internalversion/fake
  - pkg/features
  - pkg/fieldpath
  - pkg/kubelet/apis
  - pkg/kubelet/types
  - pkg/master/ports
  - pkg/security/apparmor
  - pkg/security/podsecuritypolicy/sysctl
  - pkg/securitycontext
  - pkg/util/file
  - pkg/util/maps
  - pkg/util/net/sets
  - pkg/util/parsers
  - pkg/util/pointer
  - plugin/pkg/auth/authorizer/rbac/bootstrappolicy
testImports: []
